
Microsoft Visual Studio Solution File, Format Version 12.00
# Visual Studio Version 17
VisualStudioVersion = 17.0.31919.166
MinimumVisualStudioVersion = 10.0.40219.1
Project("{FAE04EC0-301F-11D3-BF4B-00C04F79EFBC}") = "Sprint 10. SOLID Principles", "Sprint 10. SOLID Principles\Sprint 10. SOLID Principles.csproj", "{8B4ECEF0-321A-45E5-8520-38DFC9FE1927}"
EndProject
Global
	GlobalSection(SolutionConfigurationPlatforms) = preSolution
		Debug|Any CPU = Debug|Any CPU
		Release|Any CPU = Release|Any CPU
	EndGlobalSection
	GlobalSection(ProjectConfigurationPlatforms) = postSolution
		{8B4ECEF0-321A-45E5-8520-38DFC9FE1927}.Debug|Any CPU.ActiveCfg = Debug|Any CPU
		{8B4ECEF0-321A-45E5-8520-38DFC9FE1927}.Debug|Any CPU.Build.0 = Debug|Any CPU
		{8B4ECEF0-321A-45E5-8520-38DFC9FE1927}.Release|Any CPU.ActiveCfg = Release|Any CPU
		{8B4ECEF0-321A-45E5-8520-38DFC9FE1927}.Release|Any CPU.Build.0 = Release|Any CPU
	EndGlobalSection
	GlobalSection(SolutionProperties) = preSolution
		HideSolutionNode = FALSE
	EndGlobalSection
	GlobalSection(ExtensibilityGlobals) = postSolution
		SolutionGuid = {BD84853A-B17A-470B-B986-A32CC46CDC4E}
	EndGlobalSection
EndGlobal
