
Microsoft Visual Studio Solution File, Format Version 12.00
# Visual Studio Version 17
VisualStudioVersion = 17.0.31919.166
MinimumVisualStudioVersion = 10.0.40219.1
Project("{FAE04EC0-301F-11D3-BF4B-00C04F79EFBC}") = "Sprint 09. Async", "Sprint 09. Async\Sprint 09. Async.csproj", "{CD1D603F-5344-473A-B84A-EAABB5432E54}"
EndProject
Global
	GlobalSection(SolutionConfigurationPlatforms) = preSolution
		Debug|Any CPU = Debug|Any CPU
		Release|Any CPU = Release|Any CPU
	EndGlobalSection
	GlobalSection(ProjectConfigurationPlatforms) = postSolution
		{CD1D603F-5344-473A-B84A-EAABB5432E54}.Debug|Any CPU.ActiveCfg = Debug|Any CPU
		{CD1D603F-5344-473A-B84A-EAABB5432E54}.Debug|Any CPU.Build.0 = Debug|Any CPU
		{CD1D603F-5344-473A-B84A-EAABB5432E54}.Release|Any CPU.ActiveCfg = Release|Any CPU
		{CD1D603F-5344-473A-B84A-EAABB5432E54}.Release|Any CPU.Build.0 = Release|Any CPU
	EndGlobalSection
	GlobalSection(SolutionProperties) = preSolution
		HideSolutionNode = FALSE
	EndGlobalSection
	GlobalSection(ExtensibilityGlobals) = postSolution
		SolutionGuid = {92CC9726-3EEF-4E8E-BA69-81E4036C9215}
	EndGlobalSection
EndGlobal
